// !$*UTF8*$!
{
	archiveVersion = 1;
	classes = {
	};
	objectVersion = 50;
	objects = {

/* Begin PBXBuildFile section */
		E7508A5D240E0A6D00F04160 /* pratices.framework in Frameworks */ = {isa = PBXBuildFile; fileRef = E7508A53240E0A6D00F04160 /* pratices.framework */; };
		E7508A62240E0A6D00F04160 /* praticesTests.m in Sources */ = {isa = PBXBuildFile; fileRef = E7508A61240E0A6D00F04160 /* praticesTests.m */; };
		E7508A64240E0A6D00F04160 /* pratices.h in Headers */ = {isa = PBXBuildFile; fileRef = E7508A56240E0A6D00F04160 /* pratices.h */; };
		E7508A6E240E0AA200F04160 /* pratices.m in Sources */ = {isa = PBXBuildFile; fileRef = E7508A6D240E0AA200F04160 /* pratices.m */; };
		E7508A70240F4BDC00F04160 /* NQueenProblem.h in Headers */ = {isa = PBXBuildFile; fileRef = E7508A6F240F4BDB00F04160 /* NQueenProblem.h */; };
		E7508A72240F4BFC00F04160 /* NQueenProblem.m in Sources */ = {isa = PBXBuildFile; fileRef = E7508A71240F4BFC00F04160 /* NQueenProblem.m */; };
		E7508A76240F78DD00F04160 /* RecursiveProblem.h in Headers */ = {isa = PBXBuildFile; fileRef = E7508A74240F78DD00F04160 /* RecursiveProblem.h */; };
		E7508A77240F78DD00F04160 /* RecursiveProblem.m in Sources */ = {isa = PBXBuildFile; fileRef = E7508A75240F78DD00F04160 /* RecursiveProblem.m */; };
		E7508A7A240F7C7900F04160 /* NQueenProblem.m in Sources */ = {isa = PBXBuildFile; fileRef = E7508A71240F4BFC00F04160 /* NQueenProblem.m */; };
		E7508A7B240F7C7900F04160 /* RecursiveProblem.m in Sources */ = {isa = PBXBuildFile; fileRef = E7508A75240F78DD00F04160 /* RecursiveProblem.m */; };
		E7508A7E2410E6AA00F04160 /* reverseNodes.h in Headers */ = {isa = PBXBuildFile; fileRef = E7508A7C2410E6AA00F04160 /* reverseNodes.h */; };
		E7508A7F2410E6AA00F04160 /* reverseNodes.m in Sources */ = {isa = PBXBuildFile; fileRef = E7508A7D2410E6AA00F04160 /* reverseNodes.m */; };
		E7508A802410E6AA00F04160 /* reverseNodes.m in Sources */ = {isa = PBXBuildFile; fileRef = E7508A7D2410E6AA00F04160 /* reverseNodes.m */; };
		E7508A832410E6F900F04160 /* ListNode.h in Headers */ = {isa = PBXBuildFile; fileRef = E7508A812410E6F900F04160 /* ListNode.h */; };
		E7508A842410E6F900F04160 /* ListNode.m in Sources */ = {isa = PBXBuildFile; fileRef = E7508A822410E6F900F04160 /* ListNode.m */; };
		E7508A852410E6F900F04160 /* ListNode.m in Sources */ = {isa = PBXBuildFile; fileRef = E7508A822410E6F900F04160 /* ListNode.m */; };
		E7508A882410F1C400F04160 /* sumOfThreeValue.h in Headers */ = {isa = PBXBuildFile; fileRef = E7508A862410F1C400F04160 /* sumOfThreeValue.h */; };
		E7508A892410F1C400F04160 /* sumOfThreeValue.m in Sources */ = {isa = PBXBuildFile; fileRef = E7508A872410F1C400F04160 /* sumOfThreeValue.m */; };
		E7508A8A2410F1C400F04160 /* sumOfThreeValue.m in Sources */ = {isa = PBXBuildFile; fileRef = E7508A872410F1C400F04160 /* sumOfThreeValue.m */; };
		E7508A8D2412838F00F04160 /* sodokuQuestion.h in Headers */ = {isa = PBXBuildFile; fileRef = E7508A8B2412838F00F04160 /* sodokuQuestion.h */; };
		E7508A8E2412838F00F04160 /* sodokuQuestion.m in Sources */ = {isa = PBXBuildFile; fileRef = E7508A8C2412838F00F04160 /* sodokuQuestion.m */; };
		E7508A8F2412838F00F04160 /* sodokuQuestion.m in Sources */ = {isa = PBXBuildFile; fileRef = E7508A8C2412838F00F04160 /* sodokuQuestion.m */; };
		E7508A922415DB7F00F04160 /* patitionQuestionOfDP.h in Headers */ = {isa = PBXBuildFile; fileRef = E7508A902415DB7F00F04160 /* patitionQuestionOfDP.h */; };
		E7508A932415DB7F00F04160 /* patitionQuestionOfDP.m in Sources */ = {isa = PBXBuildFile; fileRef = E7508A912415DB7F00F04160 /* patitionQuestionOfDP.m */; };
		E7508A942415DB7F00F04160 /* patitionQuestionOfDP.m in Sources */ = {isa = PBXBuildFile; fileRef = E7508A912415DB7F00F04160 /* patitionQuestionOfDP.m */; };
		E7508A972415EAB400F04160 /* rodCuttingDP.h in Headers */ = {isa = PBXBuildFile; fileRef = E7508A952415EAB400F04160 /* rodCuttingDP.h */; };
		E7508A982415EAB400F04160 /* rodCuttingDP.m in Sources */ = {isa = PBXBuildFile; fileRef = E7508A962415EAB400F04160 /* rodCuttingDP.m */; };
		E7508A992415EAB400F04160 /* rodCuttingDP.m in Sources */ = {isa = PBXBuildFile; fileRef = E7508A962415EAB400F04160 /* rodCuttingDP.m */; };
		E7508A9C2417B94D00F04160 /* productOfTwoString.h in Headers */ = {isa = PBXBuildFile; fileRef = E7508A9A2417B94D00F04160 /* productOfTwoString.h */; };
		E7508A9D2417B94D00F04160 /* productOfTwoString.m in Sources */ = {isa = PBXBuildFile; fileRef = E7508A9B2417B94D00F04160 /* productOfTwoString.m */; };
		E7508A9E2417C0A500F04160 /* productOfTwoString.m in Sources */ = {isa = PBXBuildFile; fileRef = E7508A9B2417B94D00F04160 /* productOfTwoString.m */; };
/* End PBXBuildFile section */

/* Begin PBXContainerItemProxy section */
		E7508A5E240E0A6D00F04160 /* PBXContainerItemProxy */ = {
			isa = PBXContainerItemProxy;
			containerPortal = E7508A4A240E0A6D00F04160 /* Project object */;
			proxyType = 1;
			remoteGlobalIDString = E7508A52240E0A6D00F04160;
			remoteInfo = pratices;
		};
/* End PBXContainerItemProxy section */

/* Begin PBXFileReference section */
		E7508A53240E0A6D00F04160 /* pratices.framework */ = {isa = PBXFileReference; explicitFileType = wrapper.framework; includeInIndex = 0; path = pratices.framework; sourceTree = BUILT_PRODUCTS_DIR; };
		E7508A56240E0A6D00F04160 /* pratices.h */ = {isa = PBXFileReference; lastKnownFileType = sourcecode.c.h; path = pratices.h; sourceTree = "<group>"; };
		E7508A57240E0A6D00F04160 /* Info.plist */ = {isa = PBXFileReference; lastKnownFileType = text.plist.xml; path = Info.plist; sourceTree = "<group>"; };
		E7508A5C240E0A6D00F04160 /* praticesTests.xctest */ = {isa = PBXFileReference; explicitFileType = wrapper.cfbundle; includeInIndex = 0; path = praticesTests.xctest; sourceTree = BUILT_PRODUCTS_DIR; };
		E7508A61240E0A6D00F04160 /* praticesTests.m */ = {isa = PBXFileReference; lastKnownFileType = sourcecode.c.objc; path = praticesTests.m; sourceTree = "<group>"; };
		E7508A63240E0A6D00F04160 /* Info.plist */ = {isa = PBXFileReference; lastKnownFileType = text.plist.xml; path = Info.plist; sourceTree = "<group>"; };
		E7508A6D240E0AA200F04160 /* pratices.m */ = {isa = PBXFileReference; lastKnownFileType = sourcecode.c.objc; path = pratices.m; sourceTree = "<group>"; };
		E7508A6F240F4BDB00F04160 /* NQueenProblem.h */ = {isa = PBXFileReference; lastKnownFileType = sourcecode.c.h; path = NQueenProblem.h; sourceTree = "<group>"; };
		E7508A71240F4BFC00F04160 /* NQueenProblem.m */ = {isa = PBXFileReference; lastKnownFileType = sourcecode.c.objc; path = NQueenProblem.m; sourceTree = "<group>"; };
		E7508A74240F78DD00F04160 /* RecursiveProblem.h */ = {isa = PBXFileReference; lastKnownFileType = sourcecode.c.h; path = RecursiveProblem.h; sourceTree = "<group>"; };
		E7508A75240F78DD00F04160 /* RecursiveProblem.m */ = {isa = PBXFileReference; lastKnownFileType = sourcecode.c.objc; path = RecursiveProblem.m; sourceTree = "<group>"; };
		E7508A7C2410E6AA00F04160 /* reverseNodes.h */ = {isa = PBXFileReference; lastKnownFileType = sourcecode.c.h; path = reverseNodes.h; sourceTree = "<group>"; };
		E7508A7D2410E6AA00F04160 /* reverseNodes.m */ = {isa = PBXFileReference; lastKnownFileType = sourcecode.c.objc; path = reverseNodes.m; sourceTree = "<group>"; };
		E7508A812410E6F900F04160 /* ListNode.h */ = {isa = PBXFileReference; lastKnownFileType = sourcecode.c.h; path = ListNode.h; sourceTree = "<group>"; };
		E7508A822410E6F900F04160 /* ListNode.m */ = {isa = PBXFileReference; lastKnownFileType = sourcecode.c.objc; path = ListNode.m; sourceTree = "<group>"; };
		E7508A862410F1C400F04160 /* sumOfThreeValue.h */ = {isa = PBXFileReference; lastKnownFileType = sourcecode.c.h; path = sumOfThreeValue.h; sourceTree = "<group>"; };
		E7508A872410F1C400F04160 /* sumOfThreeValue.m */ = {isa = PBXFileReference; lastKnownFileType = sourcecode.c.objc; path = sumOfThreeValue.m; sourceTree = "<group>"; };
		E7508A8B2412838F00F04160 /* sodokuQuestion.h */ = {isa = PBXFileReference; lastKnownFileType = sourcecode.c.h; path = sodokuQuestion.h; sourceTree = "<group>"; };
		E7508A8C2412838F00F04160 /* sodokuQuestion.m */ = {isa = PBXFileReference; lastKnownFileType = sourcecode.c.objc; path = sodokuQuestion.m; sourceTree = "<group>"; };
		E7508A902415DB7F00F04160 /* patitionQuestionOfDP.h */ = {isa = PBXFileReference; lastKnownFileType = sourcecode.c.h; path = patitionQuestionOfDP.h; sourceTree = "<group>"; };
		E7508A912415DB7F00F04160 /* patitionQuestionOfDP.m */ = {isa = PBXFileReference; lastKnownFileType = sourcecode.c.objc; path = patitionQuestionOfDP.m; sourceTree = "<group>"; };
		E7508A952415EAB400F04160 /* rodCuttingDP.h */ = {isa = PBXFileReference; lastKnownFileType = sourcecode.c.h; path = rodCuttingDP.h; sourceTree = "<group>"; };
		E7508A962415EAB400F04160 /* rodCuttingDP.m */ = {isa = PBXFileReference; lastKnownFileType = sourcecode.c.objc; path = rodCuttingDP.m; sourceTree = "<group>"; };
		E7508A9A2417B94D00F04160 /* productOfTwoString.h */ = {isa = PBXFileReference; lastKnownFileType = sourcecode.c.h; path = productOfTwoString.h; sourceTree = "<group>"; };
		E7508A9B2417B94D00F04160 /* productOfTwoString.m */ = {isa = PBXFileReference; lastKnownFileType = sourcecode.c.objc; path = productOfTwoString.m; sourceTree = "<group>"; };
/* End PBXFileReference section */

/* Begin PBXFrameworksBuildPhase section */
		E7508A50240E0A6D00F04160 /* Frameworks */ = {
			isa = PBXFrameworksBuildPhase;
			buildActionMask = 2147483647;
			files = (
			);
			runOnlyForDeploymentPostprocessing = 0;
		};
		E7508A59240E0A6D00F04160 /* Frameworks */ = {
			isa = PBXFrameworksBuildPhase;
			buildActionMask = 2147483647;
			files = (
				E7508A5D240E0A6D00F04160 /* pratices.framework in Frameworks */,
			);
			runOnlyForDeploymentPostprocessing = 0;
		};
/* End PBXFrameworksBuildPhase section */

/* Begin PBXGroup section */
		E7508A49240E0A6D00F04160 = {
			isa = PBXGroup;
			children = (
				E7508A55240E0A6D00F04160 /* pratices */,
				E7508A60240E0A6D00F04160 /* praticesTests */,
				E7508A54240E0A6D00F04160 /* Products */,
			);
			sourceTree = "<group>";
		};
		E7508A54240E0A6D00F04160 /* Products */ = {
			isa = PBXGroup;
			children = (
				E7508A53240E0A6D00F04160 /* pratices.framework */,
				E7508A5C240E0A6D00F04160 /* praticesTests.xctest */,
			);
			name = Products;
			sourceTree = "<group>";
		};
		E7508A55240E0A6D00F04160 /* pratices */ = {
			isa = PBXGroup;
			children = (
				E7508A56240E0A6D00F04160 /* pratices.h */,
				E7508A6D240E0AA200F04160 /* pratices.m */,
				E7508A6F240F4BDB00F04160 /* NQueenProblem.h */,
				E7508A71240F4BFC00F04160 /* NQueenProblem.m */,
				E7508A57240E0A6D00F04160 /* Info.plist */,
				E7508A74240F78DD00F04160 /* RecursiveProblem.h */,
				E7508A812410E6F900F04160 /* ListNode.h */,
				E7508A902415DB7F00F04160 /* patitionQuestionOfDP.h */,
				E7508A912415DB7F00F04160 /* patitionQuestionOfDP.m */,
				E7508A822410E6F900F04160 /* ListNode.m */,
				E7508A7C2410E6AA00F04160 /* reverseNodes.h */,
				E7508A7D2410E6AA00F04160 /* reverseNodes.m */,
				E7508A75240F78DD00F04160 /* RecursiveProblem.m */,
				E7508A952415EAB400F04160 /* rodCuttingDP.h */,
				E7508A962415EAB400F04160 /* rodCuttingDP.m */,
				E7508A862410F1C400F04160 /* sumOfThreeValue.h */,
				E7508A9A2417B94D00F04160 /* productOfTwoString.h */,
				E7508A9B2417B94D00F04160 /* productOfTwoString.m */,
				E7508A872410F1C400F04160 /* sumOfThreeValue.m */,
				E7508A8B2412838F00F04160 /* sodokuQuestion.h */,
				E7508A8C2412838F00F04160 /* sodokuQuestion.m */,
			);
			path = pratices;
			sourceTree = "<group>";
		};
		E7508A60240E0A6D00F04160 /* praticesTests */ = {
			isa = PBXGroup;
			children = (
				E7508A61240E0A6D00F04160 /* praticesTests.m */,
				E7508A63240E0A6D00F04160 /* Info.plist */,
			);
			path = praticesTests;
			sourceTree = "<group>";
		};
/* End PBXGroup section */

/* Begin PBXHeadersBuildPhase section */
		E7508A4E240E0A6D00F04160 /* Headers */ = {
			isa = PBXHeadersBuildPhase;
			buildActionMask = 2147483647;
			files = (
				E7508A70240F4BDC00F04160 /* NQueenProblem.h in Headers */,
				E7508A7E2410E6AA00F04160 /* reverseNodes.h in Headers */,
				E7508A8D2412838F00F04160 /* sodokuQuestion.h in Headers */,
				E7508A882410F1C400F04160 /* sumOfThreeValue.h in Headers */,
				E7508A64240E0A6D00F04160 /* pratices.h in Headers */,
				E7508A922415DB7F00F04160 /* patitionQuestionOfDP.h in Headers */,
				E7508A832410E6F900F04160 /* ListNode.h in Headers */,
				E7508A76240F78DD00F04160 /* RecursiveProblem.h in Headers */,
				E7508A972415EAB400F04160 /* rodCuttingDP.h in Headers */,
				E7508A9C2417B94D00F04160 /* productOfTwoString.h in Headers */,
			);
			runOnlyForDeploymentPostprocessing = 0;
		};
/* End PBXHeadersBuildPhase section */

/* Begin PBXNativeTarget section */
		E7508A52240E0A6D00F04160 /* pratices */ = {
			isa = PBXNativeTarget;
			buildConfigurationList = E7508A67240E0A6D00F04160 /* Build configuration list for PBXNativeTarget "pratices" */;
			buildPhases = (
				E7508A4E240E0A6D00F04160 /* Headers */,
				E7508A4F240E0A6D00F04160 /* Sources */,
				E7508A50240E0A6D00F04160 /* Frameworks */,
				E7508A51240E0A6D00F04160 /* Resources */,
			);
			buildRules = (
			);
			dependencies = (
			);
			name = pratices;
			productName = pratices;
			productReference = E7508A53240E0A6D00F04160 /* pratices.framework */;
			productType = "com.apple.product-type.framework";
		};
		E7508A5B240E0A6D00F04160 /* praticesTests */ = {
			isa = PBXNativeTarget;
			buildConfigurationList = E7508A6A240E0A6D00F04160 /* Build configuration list for PBXNativeTarget "praticesTests" */;
			buildPhases = (
				E7508A58240E0A6D00F04160 /* Sources */,
				E7508A59240E0A6D00F04160 /* Frameworks */,
				E7508A5A240E0A6D00F04160 /* Resources */,
			);
			buildRules = (
			);
			dependencies = (
				E7508A5F240E0A6D00F04160 /* PBXTargetDependency */,
			);
			name = praticesTests;
			productName = praticesTests;
			productReference = E7508A5C240E0A6D00F04160 /* praticesTests.xctest */;
			productType = "com.apple.product-type.bundle.unit-test";
		};
/* End PBXNativeTarget section */

/* Begin PBXProject section */
		E7508A4A240E0A6D00F04160 /* Project object */ = {
			isa = PBXProject;
			attributes = {
				LastUpgradeCheck = 1120;
				ORGANIZATIONNAME = Lan;
				TargetAttributes = {
					E7508A52240E0A6D00F04160 = {
						CreatedOnToolsVersion = 11.2;
					};
					E7508A5B240E0A6D00F04160 = {
						CreatedOnToolsVersion = 11.2;
					};
				};
			};
			buildConfigurationList = E7508A4D240E0A6D00F04160 /* Build configuration list for PBXProject "pratices" */;
			compatibilityVersion = "Xcode 9.3";
			developmentRegion = en;
			hasScannedForEncodings = 0;
			knownRegions = (
				en,
				Base,
			);
			mainGroup = E7508A49240E0A6D00F04160;
			productRefGroup = E7508A54240E0A6D00F04160 /* Products */;
			projectDirPath = "";
			projectRoot = "";
			targets = (
				E7508A52240E0A6D00F04160 /* pratices */,
				E7508A5B240E0A6D00F04160 /* praticesTests */,
			);
		};
/* End PBXProject section */

/* Begin PBXResourcesBuildPhase section */
		E7508A51240E0A6D00F04160 /* Resources */ = {
			isa = PBXResourcesBuildPhase;
			buildActionMask = 2147483647;
			files = (
			);
			runOnlyForDeploymentPostprocessing = 0;
		};
		E7508A5A240E0A6D00F04160 /* Resources */ = {
			isa = PBXResourcesBuildPhase;
			buildActionMask = 2147483647;
			files = (
			);
			runOnlyForDeploymentPostprocessing = 0;
		};
/* End PBXResourcesBuildPhase section */

/* Begin PBXSourcesBuildPhase section */
		E7508A4F240E0A6D00F04160 /* Sources */ = {
			isa = PBXSourcesBuildPhase;
			buildActionMask = 2147483647;
			files = (
				E7508A77240F78DD00F04160 /* RecursiveProblem.m in Sources */,
				E7508A6E240E0AA200F04160 /* pratices.m in Sources */,
				E7508A932415DB7F00F04160 /* patitionQuestionOfDP.m in Sources */,
				E7508A7F2410E6AA00F04160 /* reverseNodes.m in Sources */,
				E7508A9D2417B94D00F04160 /* productOfTwoString.m in Sources */,
				E7508A8E2412838F00F04160 /* sodokuQuestion.m in Sources */,
				E7508A842410E6F900F04160 /* ListNode.m in Sources */,
				E7508A982415EAB400F04160 /* rodCuttingDP.m in Sources */,
				E7508A72240F4BFC00F04160 /* NQueenProblem.m in Sources */,
				E7508A892410F1C400F04160 /* sumOfThreeValue.m in Sources */,
			);
			runOnlyForDeploymentPostprocessing = 0;
		};
		E7508A58240E0A6D00F04160 /* Sources */ = {
			isa = PBXSourcesBuildPhase;
			buildActionMask = 2147483647;
			files = (
				E7508A9E2417C0A500F04160 /* productOfTwoString.m in Sources */,
				E7508A7A240F7C7900F04160 /* NQueenProblem.m in Sources */,
				E7508A7B240F7C7900F04160 /* RecursiveProblem.m in Sources */,
				E7508A942415DB7F00F04160 /* patitionQuestionOfDP.m in Sources */,
				E7508A802410E6AA00F04160 /* reverseNodes.m in Sources */,
				E7508A8F2412838F00F04160 /* sodokuQuestion.m in Sources */,
				E7508A852410E6F900F04160 /* ListNode.m in Sources */,
				E7508A992415EAB400F04160 /* rodCuttingDP.m in Sources */,
				E7508A62240E0A6D00F04160 /* praticesTests.m in Sources */,
				E7508A8A2410F1C400F04160 /* sumOfThreeValue.m in Sources */,
			);
			runOnlyForDeploymentPostprocessing = 0;
		};
/* End PBXSourcesBuildPhase section */

/* Begin PBXTargetDependency section */
		E7508A5F240E0A6D00F04160 /* PBXTargetDependency */ = {
			isa = PBXTargetDependency;
			target = E7508A52240E0A6D00F04160 /* pratices */;
			targetProxy = E7508A5E240E0A6D00F04160 /* PBXContainerItemProxy */;
		};
/* End PBXTargetDependency section */

/* Begin XCBuildConfiguration section */
		E7508A65240E0A6D00F04160 /* Debug */ = {
			isa = XCBuildConfiguration;
			buildSettings = {
				ALWAYS_SEARCH_USER_PATHS = NO;
				CLANG_ANALYZER_NONNULL = YES;
				CLANG_ANALYZER_NUMBER_OBJECT_CONVERSION = YES_AGGRESSIVE;
				CLANG_CXX_LANGUAGE_STANDARD = "gnu++14";
				CLANG_CXX_LIBRARY = "libc++";
				CLANG_ENABLE_MODULES = YES;
				CLANG_ENABLE_OBJC_ARC = YES;
				CLANG_ENABLE_OBJC_WEAK = YES;
				CLANG_WARN_BLOCK_CAPTURE_AUTORELEASING = YES;
				CLANG_WARN_BOOL_CONVERSION = YES;
				CLANG_WARN_COMMA = YES;
				CLANG_WARN_CONSTANT_CONVERSION = YES;
				CLANG_WARN_DEPRECATED_OBJC_IMPLEMENTATIONS = YES;
				CLANG_WARN_DIRECT_OBJC_ISA_USAGE = YES_ERROR;
				CLANG_WARN_DOCUMENTATION_COMMENTS = YES;
				CLANG_WARN_EMPTY_BODY = YES;
				CLANG_WARN_ENUM_CONVERSION = YES;
				CLANG_WARN_INFINITE_RECURSION = YES;
				CLANG_WARN_INT_CONVERSION = YES;
				CLANG_WARN_NON_LITERAL_NULL_CONVERSION = YES;
				CLANG_WARN_OBJC_IMPLICIT_RETAIN_SELF = YES;
				CLANG_WARN_OBJC_LITERAL_CONVERSION = YES;
				CLANG_WARN_OBJC_ROOT_CLASS = YES_ERROR;
				CLANG_WARN_RANGE_LOOP_ANALYSIS = YES;
				CLANG_WARN_STRICT_PROTOTYPES = YES;
				CLANG_WARN_SUSPICIOUS_MOVE = YES;
				CLANG_WARN_UNGUARDED_AVAILABILITY = YES_AGGRESSIVE;
				CLANG_WARN_UNREACHABLE_CODE = YES;
				CLANG_WARN__DUPLICATE_METHOD_MATCH = YES;
				COPY_PHASE_STRIP = NO;
				CURRENT_PROJECT_VERSION = 1;
				DEBUG_INFORMATION_FORMAT = dwarf;
				ENABLE_STRICT_OBJC_MSGSEND = YES;
				ENABLE_TESTABILITY = YES;
				GCC_C_LANGUAGE_STANDARD = gnu11;
				GCC_DYNAMIC_NO_PIC = NO;
				GCC_NO_COMMON_BLOCKS = YES;
				GCC_OPTIMIZATION_LEVEL = 0;
				GCC_PREPROCESSOR_DEFINITIONS = (
					"DEBUG=1",
					"$(inherited)",
				);
				GCC_WARN_64_TO_32_BIT_CONVERSION = YES;
				GCC_WARN_ABOUT_RETURN_TYPE = YES_ERROR;
				GCC_WARN_UNDECLARED_SELECTOR = YES;
				GCC_WARN_UNINITIALIZED_AUTOS = YES_AGGRESSIVE;
				GCC_WARN_UNUSED_FUNCTION = YES;
				GCC_WARN_UNUSED_VARIABLE = YES;
				IPHONEOS_DEPLOYMENT_TARGET = 13.2;
				MTL_ENABLE_DEBUG_INFO = INCLUDE_SOURCE;
				MTL_FAST_MATH = YES;
				ONLY_ACTIVE_ARCH = YES;
				SDKROOT = iphoneos;
				VERSIONING_SYSTEM = "apple-generic";
				VERSION_INFO_PREFIX = "";
			};
			name = Debug;
		};
		E7508A66240E0A6D00F04160 /* Release */ = {
			isa = XCBuildConfiguration;
			buildSettings = {
				ALWAYS_SEARCH_USER_PATHS = NO;
				CLANG_ANALYZER_NONNULL = YES;
				CLANG_ANALYZER_NUMBER_OBJECT_CONVERSION = YES_AGGRESSIVE;
				CLANG_CXX_LANGUAGE_STANDARD = "gnu++14";
				CLANG_CXX_LIBRARY = "libc++";
				CLANG_ENABLE_MODULES = YES;
				CLANG_ENABLE_OBJC_ARC = YES;
				CLANG_ENABLE_OBJC_WEAK = YES;
				CLANG_WARN_BLOCK_CAPTURE_AUTORELEASING = YES;
				CLANG_WARN_BOOL_CONVERSION = YES;
				CLANG_WARN_COMMA = YES;
				CLANG_WARN_CONSTANT_CONVERSION = YES;
				CLANG_WARN_DEPRECATED_OBJC_IMPLEMENTATIONS = YES;
				CLANG_WARN_DIRECT_OBJC_ISA_USAGE = YES_ERROR;
				CLANG_WARN_DOCUMENTATION_COMMENTS = YES;
				CLANG_WARN_EMPTY_BODY = YES;
				CLANG_WARN_ENUM_CONVERSION = YES;
				CLANG_WARN_INFINITE_RECURSION = YES;
				CLANG_WARN_INT_CONVERSION = YES;
				CLANG_WARN_NON_LITERAL_NULL_CONVERSION = YES;
				CLANG_WARN_OBJC_IMPLICIT_RETAIN_SELF = YES;
				CLANG_WARN_OBJC_LITERAL_CONVERSION = YES;
				CLANG_WARN_OBJC_ROOT_CLASS = YES_ERROR;
				CLANG_WARN_RANGE_LOOP_ANALYSIS = YES;
				CLANG_WARN_STRICT_PROTOTYPES = YES;
				CLANG_WARN_SUSPICIOUS_MOVE = YES;
				CLANG_WARN_UNGUARDED_AVAILABILITY = YES_AGGRESSIVE;
				CLANG_WARN_UNREACHABLE_CODE = YES;
				CLANG_WARN__DUPLICATE_METHOD_MATCH = YES;
				COPY_PHASE_STRIP = NO;
				CURRENT_PROJECT_VERSION = 1;
				DEBUG_INFORMATION_FORMAT = "dwarf-with-dsym";
				ENABLE_NS_ASSERTIONS = NO;
				ENABLE_STRICT_OBJC_MSGSEND = YES;
				GCC_C_LANGUAGE_STANDARD = gnu11;
				GCC_NO_COMMON_BLOCKS = YES;
				GCC_WARN_64_TO_32_BIT_CONVERSION = YES;
				GCC_WARN_ABOUT_RETURN_TYPE = YES_ERROR;
				GCC_WARN_UNDECLARED_SELECTOR = YES;
				GCC_WARN_UNINITIALIZED_AUTOS = YES_AGGRESSIVE;
				GCC_WARN_UNUSED_FUNCTION = YES;
				GCC_WARN_UNUSED_VARIABLE = YES;
				IPHONEOS_DEPLOYMENT_TARGET = 13.2;
				MTL_ENABLE_DEBUG_INFO = NO;
				MTL_FAST_MATH = YES;
				SDKROOT = iphoneos;
				VALIDATE_PRODUCT = YES;
				VERSIONING_SYSTEM = "apple-generic";
				VERSION_INFO_PREFIX = "";
			};
			name = Release;
		};
		E7508A68240E0A6D00F04160 /* Debug */ = {
			isa = XCBuildConfiguration;
			buildSettings = {
				CODE_SIGN_STYLE = Automatic;
				DEFINES_MODULE = YES;
				DYLIB_COMPATIBILITY_VERSION = 1;
				DYLIB_CURRENT_VERSION = 1;
				DYLIB_INSTALL_NAME_BASE = "@rpath";
				INFOPLIST_FILE = pratices/Info.plist;
				INSTALL_PATH = "$(LOCAL_LIBRARY_DIR)/Frameworks";
				LD_RUNPATH_SEARCH_PATHS = (
					"$(inherited)",
					"@executable_path/Frameworks",
					"@loader_path/Frameworks",
				);
				PRODUCT_BUNDLE_IDENTIFIER = Lan.pratices;
				PRODUCT_NAME = "$(TARGET_NAME:c99extidentifier)";
				SKIP_INSTALL = YES;
				TARGETED_DEVICE_FAMILY = "1,2";
			};
			name = Debug;
		};
		E7508A69240E0A6D00F04160 /* Release */ = {
			isa = XCBuildConfiguration;
			buildSettings = {
				CODE_SIGN_STYLE = Automatic;
				DEFINES_MODULE = YES;
				DYLIB_COMPATIBILITY_VERSION = 1;
				DYLIB_CURRENT_VERSION = 1;
				DYLIB_INSTALL_NAME_BASE = "@rpath";
				INFOPLIST_FILE = pratices/Info.plist;
				INSTALL_PATH = "$(LOCAL_LIBRARY_DIR)/Frameworks";
				LD_RUNPATH_SEARCH_PATHS = (
					"$(inherited)",
					"@executable_path/Frameworks",
					"@loader_path/Frameworks",
				);
				PRODUCT_BUNDLE_IDENTIFIER = Lan.pratices;
				PRODUCT_NAME = "$(TARGET_NAME:c99extidentifier)";
				SKIP_INSTALL = YES;
				TARGETED_DEVICE_FAMILY = "1,2";
			};
			name = Release;
		};
		E7508A6B240E0A6D00F04160 /* Debug */ = {
			isa = XCBuildConfiguration;
			buildSettings = {
				CODE_SIGN_STYLE = Automatic;
				INFOPLIST_FILE = praticesTests/Info.plist;
				LD_RUNPATH_SEARCH_PATHS = (
					"$(inherited)",
					"@executable_path/Frameworks",
					"@loader_path/Frameworks",
				);
				PRODUCT_BUNDLE_IDENTIFIER = Lan.praticesTests;
				PRODUCT_NAME = "$(TARGET_NAME)";
				TARGETED_DEVICE_FAMILY = "1,2";
			};
			name = Debug;
		};
		E7508A6C240E0A6D00F04160 /* Release */ = {
			isa = XCBuildConfiguration;
			buildSettings = {
				CODE_SIGN_STYLE = Automatic;
				INFOPLIST_FILE = praticesTests/Info.plist;
				LD_RUNPATH_SEARCH_PATHS = (
					"$(inherited)",
					"@executable_path/Frameworks",
					"@loader_path/Frameworks",
				);
				PRODUCT_BUNDLE_IDENTIFIER = Lan.praticesTests;
				PRODUCT_NAME = "$(TARGET_NAME)";
				TARGETED_DEVICE_FAMILY = "1,2";
			};
			name = Release;
		};
/* End XCBuildConfiguration section */

/* Begin XCConfigurationList section */
		E7508A4D240E0A6D00F04160 /* Build configuration list for PBXProject "pratices" */ = {
			isa = XCConfigurationList;
			buildConfigurations = (
				E7508A65240E0A6D00F04160 /* Debug */,
				E7508A66240E0A6D00F04160 /* Release */,
			);
			defaultConfigurationIsVisible = 0;
			defaultConfigurationName = Release;
		};
		E7508A67240E0A6D00F04160 /* Build configuration list for PBXNativeTarget "pratices" */ = {
			isa = XCConfigurationList;
			buildConfigurations = (
				E7508A68240E0A6D00F04160 /* Debug */,
				E7508A69240E0A6D00F04160 /* Release */,
			);
			defaultConfigurationIsVisible = 0;
			defaultConfigurationName = Release;
		};
		E7508A6A240E0A6D00F04160 /* Build configuration list for PBXNativeTarget "praticesTests" */ = {
			isa = XCConfigurationList;
			buildConfigurations = (
				E7508A6B240E0A6D00F04160 /* Debug */,
				E7508A6C240E0A6D00F04160 /* Release */,
			);
			defaultConfigurationIsVisible = 0;
			defaultConfigurationName = Release;
		};
/* End XCConfigurationList section */
	};
	rootObject = E7508A4A240E0A6D00F04160 /* Project object */;
}
